
Microsoft Visual Studio Solution File, Format Version 12.00
# Visual Studio Version 17
VisualStudioVersion = 17.4.32912.340
MinimumVisualStudioVersion = 10.0.40219.1
Project("{9A19103F-16F7-4668-BE54-9A1E7A4F7556}") = "Vfps", "src\Vfps\Vfps.csproj", "{5516AB59-361F-4B50-9FB3-984325D96FF2}"
EndProject
Project("{FAE04EC0-301F-11D3-BF4B-00C04F79EFBC}") = "Vfps.Benchmarks", "src\Vfps.Benchmarks\Vfps.Benchmarks.csproj", "{5901671D-4C77-4749-9E3F-4FC6248696EA}"
EndProject
Project("{FB0508B1-3E31-4ABA-BC1D-C0294175FFC7}") = "Vfps.Tests", "src\Vfps.Tests\Vfps.Tests.csproj", "{26CCE8B4-7B90-4D5D-9674-69546F26DE8D}"
EndProject
Project("{FAE04EC0-301F-11D3-BF4B-00C04F79EFBC}") = "Vfps.IntegrationTests", "src\Vfps.IntegrationTests\Vfps.IntegrationTests.csproj", "{9D0AE609-74D8-42BD-99D0-5C0AFC270C47}"
EndProject
Project("{FAE04EC0-301F-11D3-BF4B-00C04F79EFBC}") = "Vfps.StressTests", "src\Vfps.StressTests\Vfps.StressTests.csproj", "{71307DFA-6EA4-4D85-AB77-5465CE52295C}"
EndProject
Project("{2150E333-8FDC-42A3-9474-1A3956D46DE8}") = "src", "src", "{827E0CD3-B72D-47B6-A68D-7590B98EB39B}"
EndProject
Project("{FAE04EC0-301F-11D3-BF4B-00C04F79EFBC}") = "Vfps.Web", "src\Vfps.Web\Vfps.Web.csproj", "{F2A227F8-0B97-44A5-96A5-6746A8B6E1D2}"
EndProject
Global
	GlobalSection(SolutionConfigurationPlatforms) = preSolution
		Debug|Any CPU = Debug|Any CPU
		Debug|x64 = Debug|x64
		Debug|x86 = Debug|x86
		Release|Any CPU = Release|Any CPU
		Release|x64 = Release|x64
		Release|x86 = Release|x86
	EndGlobalSection
	GlobalSection(ProjectConfigurationPlatforms) = postSolution
		{5516AB59-361F-4B50-9FB3-984325D96FF2}.Debug|Any CPU.ActiveCfg = Debug|Any CPU
		{5516AB59-361F-4B50-9FB3-984325D96FF2}.Debug|Any CPU.Build.0 = Debug|Any CPU
		{5516AB59-361F-4B50-9FB3-984325D96FF2}.Debug|x64.ActiveCfg = Debug|Any CPU
		{5516AB59-361F-4B50-9FB3-984325D96FF2}.Debug|x64.Build.0 = Debug|Any CPU
		{5516AB59-361F-4B50-9FB3-984325D96FF2}.Debug|x86.ActiveCfg = Debug|Any CPU
		{5516AB59-361F-4B50-9FB3-984325D96FF2}.Debug|x86.Build.0 = Debug|Any CPU
		{5516AB59-361F-4B50-9FB3-984325D96FF2}.Release|Any CPU.ActiveCfg = Release|Any CPU
		{5516AB59-361F-4B50-9FB3-984325D96FF2}.Release|Any CPU.Build.0 = Release|Any CPU
		{5516AB59-361F-4B50-9FB3-984325D96FF2}.Release|x64.ActiveCfg = Release|Any CPU
		{5516AB59-361F-4B50-9FB3-984325D96FF2}.Release|x64.Build.0 = Release|Any CPU
		{5516AB59-361F-4B50-9FB3-984325D96FF2}.Release|x86.ActiveCfg = Release|Any CPU
		{5516AB59-361F-4B50-9FB3-984325D96FF2}.Release|x86.Build.0 = Release|Any CPU
		{5901671D-4C77-4749-9E3F-4FC6248696EA}.Debug|Any CPU.ActiveCfg = Debug|Any CPU
		{5901671D-4C77-4749-9E3F-4FC6248696EA}.Debug|Any CPU.Build.0 = Debug|Any CPU
		{5901671D-4C77-4749-9E3F-4FC6248696EA}.Debug|x64.ActiveCfg = Debug|Any CPU
		{5901671D-4C77-4749-9E3F-4FC6248696EA}.Debug|x64.Build.0 = Debug|Any CPU
		{5901671D-4C77-4749-9E3F-4FC6248696EA}.Debug|x86.ActiveCfg = Debug|Any CPU
		{5901671D-4C77-4749-9E3F-4FC6248696EA}.Debug|x86.Build.0 = Debug|Any CPU
		{5901671D-4C77-4749-9E3F-4FC6248696EA}.Release|Any CPU.ActiveCfg = Release|Any CPU
		{5901671D-4C77-4749-9E3F-4FC6248696EA}.Release|Any CPU.Build.0 = Release|Any CPU
		{5901671D-4C77-4749-9E3F-4FC6248696EA}.Release|x64.ActiveCfg = Release|Any CPU
		{5901671D-4C77-4749-9E3F-4FC6248696EA}.Release|x64.Build.0 = Release|Any CPU
		{5901671D-4C77-4749-9E3F-4FC6248696EA}.Release|x86.ActiveCfg = Release|Any CPU
		{5901671D-4C77-4749-9E3F-4FC6248696EA}.Release|x86.Build.0 = Release|Any CPU
		{26CCE8B4-7B90-4D5D-9674-69546F26DE8D}.Debug|Any CPU.ActiveCfg = Debug|Any CPU
		{26CCE8B4-7B90-4D5D-9674-69546F26DE8D}.Debug|Any CPU.Build.0 = Debug|Any CPU
		{26CCE8B4-7B90-4D5D-9674-69546F26DE8D}.Debug|x64.ActiveCfg = Debug|x64
		{26CCE8B4-7B90-4D5D-9674-69546F26DE8D}.Debug|x64.Build.0 = Debug|x64
		{26CCE8B4-7B90-4D5D-9674-69546F26DE8D}.Debug|x86.ActiveCfg = Debug|x86
		{26CCE8B4-7B90-4D5D-9674-69546F26DE8D}.Debug|x86.Build.0 = Debug|x86
		{26CCE8B4-7B90-4D5D-9674-69546F26DE8D}.Release|Any CPU.ActiveCfg = Release|Any CPU
		{26CCE8B4-7B90-4D5D-9674-69546F26DE8D}.Release|Any CPU.Build.0 = Release|Any CPU
		{26CCE8B4-7B90-4D5D-9674-69546F26DE8D}.Release|x64.ActiveCfg = Release|x64
		{26CCE8B4-7B90-4D5D-9674-69546F26DE8D}.Release|x64.Build.0 = Release|x64
		{26CCE8B4-7B90-4D5D-9674-69546F26DE8D}.Release|x86.ActiveCfg = Release|x86
		{26CCE8B4-7B90-4D5D-9674-69546F26DE8D}.Release|x86.Build.0 = Release|x86
		{9D0AE609-74D8-42BD-99D0-5C0AFC270C47}.Debug|Any CPU.ActiveCfg = Debug|Any CPU
		{9D0AE609-74D8-42BD-99D0-5C0AFC270C47}.Debug|Any CPU.Build.0 = Debug|Any CPU
		{9D0AE609-74D8-42BD-99D0-5C0AFC270C47}.Debug|x64.ActiveCfg = Debug|Any CPU
		{9D0AE609-74D8-42BD-99D0-5C0AFC270C47}.Debug|x64.Build.0 = Debug|Any CPU
		{9D0AE609-74D8-42BD-99D0-5C0AFC270C47}.Debug|x86.ActiveCfg = Debug|Any CPU
		{9D0AE609-74D8-42BD-99D0-5C0AFC270C47}.Debug|x86.Build.0 = Debug|Any CPU
		{9D0AE609-74D8-42BD-99D0-5C0AFC270C47}.Release|Any CPU.ActiveCfg = Release|Any CPU
		{9D0AE609-74D8-42BD-99D0-5C0AFC270C47}.Release|Any CPU.Build.0 = Release|Any CPU
		{9D0AE609-74D8-42BD-99D0-5C0AFC270C47}.Release|x64.ActiveCfg = Release|Any CPU
		{9D0AE609-74D8-42BD-99D0-5C0AFC270C47}.Release|x64.Build.0 = Release|Any CPU
		{9D0AE609-74D8-42BD-99D0-5C0AFC270C47}.Release|x86.ActiveCfg = Release|Any CPU
		{9D0AE609-74D8-42BD-99D0-5C0AFC270C47}.Release|x86.Build.0 = Release|Any CPU
		{71307DFA-6EA4-4D85-AB77-5465CE52295C}.Debug|Any CPU.ActiveCfg = Debug|Any CPU
		{71307DFA-6EA4-4D85-AB77-5465CE52295C}.Debug|Any CPU.Build.0 = Debug|Any CPU
		{71307DFA-6EA4-4D85-AB77-5465CE52295C}.Debug|x64.ActiveCfg = Debug|Any CPU
		{71307DFA-6EA4-4D85-AB77-5465CE52295C}.Debug|x64.Build.0 = Debug|Any CPU
		{71307DFA-6EA4-4D85-AB77-5465CE52295C}.Debug|x86.ActiveCfg = Debug|Any CPU
		{71307DFA-6EA4-4D85-AB77-5465CE52295C}.Debug|x86.Build.0 = Debug|Any CPU
		{71307DFA-6EA4-4D85-AB77-5465CE52295C}.Release|Any CPU.ActiveCfg = Release|Any CPU
		{71307DFA-6EA4-4D85-AB77-5465CE52295C}.Release|Any CPU.Build.0 = Release|Any CPU
		{71307DFA-6EA4-4D85-AB77-5465CE52295C}.Release|x64.ActiveCfg = Release|Any CPU
		{71307DFA-6EA4-4D85-AB77-5465CE52295C}.Release|x64.Build.0 = Release|Any CPU
		{71307DFA-6EA4-4D85-AB77-5465CE52295C}.Release|x86.ActiveCfg = Release|Any CPU
		{71307DFA-6EA4-4D85-AB77-5465CE52295C}.Release|x86.Build.0 = Release|Any CPU
		{F2A227F8-0B97-44A5-96A5-6746A8B6E1D2}.Debug|Any CPU.ActiveCfg = Debug|Any CPU
		{F2A227F8-0B97-44A5-96A5-6746A8B6E1D2}.Debug|Any CPU.Build.0 = Debug|Any CPU
		{F2A227F8-0B97-44A5-96A5-6746A8B6E1D2}.Debug|x64.ActiveCfg = Debug|Any CPU
		{F2A227F8-0B97-44A5-96A5-6746A8B6E1D2}.Debug|x64.Build.0 = Debug|Any CPU
		{F2A227F8-0B97-44A5-96A5-6746A8B6E1D2}.Debug|x86.ActiveCfg = Debug|Any CPU
		{F2A227F8-0B97-44A5-96A5-6746A8B6E1D2}.Debug|x86.Build.0 = Debug|Any CPU
		{F2A227F8-0B97-44A5-96A5-6746A8B6E1D2}.Release|Any CPU.ActiveCfg = Release|Any CPU
		{F2A227F8-0B97-44A5-96A5-6746A8B6E1D2}.Release|Any CPU.Build.0 = Release|Any CPU
		{F2A227F8-0B97-44A5-96A5-6746A8B6E1D2}.Release|x64.ActiveCfg = Release|Any CPU
		{F2A227F8-0B97-44A5-96A5-6746A8B6E1D2}.Release|x64.Build.0 = Release|Any CPU
		{F2A227F8-0B97-44A5-96A5-6746A8B6E1D2}.Release|x86.ActiveCfg = Release|Any CPU
		{F2A227F8-0B97-44A5-96A5-6746A8B6E1D2}.Release|x86.Build.0 = Release|Any CPU
	EndGlobalSection
	GlobalSection(SolutionProperties) = preSolution
		HideSolutionNode = FALSE
	EndGlobalSection
	GlobalSection(NestedProjects) = preSolution
		{F2A227F8-0B97-44A5-96A5-6746A8B6E1D2} = {827E0CD3-B72D-47B6-A68D-7590B98EB39B}
	EndGlobalSection
	GlobalSection(ExtensibilityGlobals) = postSolution
		SolutionGuid = {D83F6430-CF33-44C7-91E6-01FC8AFBBF82}
	EndGlobalSection
EndGlobal
