{
  "version": 1,
  "dependencies": {
    "net10.0": {
      "AWSSDK.S3": {
        "type": "Direct",
        "requested": "[4.0.100.3, )",
        "resolved": "4.0.100.3",
        "contentHash": "bHe+BZRyC/TnyPw3/l6N96V/hqtBHyjtXINVrVxVl8LTYx2fxNI1HTwknm0jslSkOiOKeHRZ/oduxMcJXBbtsg==",
        "dependencies": {
          "AWSSDK.Core": "[4.0.100.3, 5.0.0)"
        }
      },
      "BlazorBlueprint.Components": {
        "type": "Direct",
        "requested": "[3.13.0, )",
        "resolved": "3.13.0",
        "contentHash": "k2Ko7j4GObHbjawD3IjiNH8KXCdsuq3EZsV8ccFloXIfyzCNSUYGzwgWYU/O7N5W9pnulfULieB+KeyGKwF3ug==",
        "dependencies": {
          "BlazorBlueprint.Icons.Lucide": "2.0.0",
          "BlazorBlueprint.Primitives": "3.13.0",
          "HtmlSanitizer": "9.0.892",
          "Markdig": "0.37.0",
          "TailwindMerge.NET": "1.3.0"
        }
      },
      "BlazorBlueprint.Icons.Lucide": {
        "type": "Direct",
        "requested": "[2.0.0, )",
        "resolved": "2.0.0",
        "contentHash": "DWr5VUhebPN7EP9T3DYe0aAK5pfETRSdv48dWPqApip8/X3gs64yhPCXrmuvOHy80eKDfblL8mv9UFM3qmDbwA=="
      },
      "CsvHelper": {
        "type": "Direct",
        "requested": "[33.1.0, )",
        "resolved": "33.1.0",
        "contentHash": "kqfTOZGrn7NarNeXgjh86JcpTHUoeQDMB8t9NVa/ZtlSYiV1rxfRnQ49WaJsob4AiGrbK0XDzpyKkBwai4F8eg=="
      },
      "EFCore.NamingConventions": {
        "type": "Direct",
        "requested": "[10.0.1, )",
        "resolved": "10.0.1",
        "contentHash": "Xs5k8XfNKPkkQSkGmZkmDI1je0prLTdxse+s8PgTFZxyBrlrTLzTBUTVJtQKSsbvu4y+luAv8DdtO5SALJE++A==",
        "dependencies": {
          "Microsoft.EntityFrameworkCore": "[10.0.1, 11.0.0)",
          "Microsoft.EntityFrameworkCore.Relational": "[10.0.1, 11.0.0)"
        }
      },
      "EntityFrameworkCore.Exceptions.PostgreSQL": {
        "type": "Direct",
        "requested": "[10.0.1, )",
        "resolved": "10.0.1",
        "contentHash": "xB59v0MquOrRGh7FPwAyuVa+TkbmguWC6zYpaMOJE9uwC475BpXLctTdGXgxiQhwqPoq+i9yL6HQqnVFTBNutw==",
        "dependencies": {
          "DbExceptionClassifier.PostgreSQL": "1.0.1",
          "EntityFrameworkCore.Exceptions.Common": "10.0.1"
        }
      },
      "Grpc.AspNetCore": {
        "type": "Direct",
        "requested": "[2.80.0, )",
        "resolved": "2.80.0",
        "contentHash": "ASbJbdtCUlGiKxe9NsN/QeG1PdibYoN0pEgP9U87cvS6HV0XsT+VdO/g2M6Ri8zZURfX5c7MBTaFVP/YCrC72A==",
        "dependencies": {
          "Google.Protobuf": "3.31.1",
          "Grpc.AspNetCore.Server.ClientFactory": "2.80.0",
          "Grpc.Tools": "2.80.0"
        }
      },
      "Grpc.AspNetCore.HealthChecks": {
        "type": "Direct",
        "requested": "[2.80.0, )",
        "resolved": "2.80.0",
        "contentHash": "5m/l/iThYxNAeAMBTr4ndcAFPtkPKO1Kwe66534aDo5ntiH/VOQ6aNevW0ajvYHy+W/rJbSRQTMZ9++OL5Ez/Q==",
        "dependencies": {
          "Grpc.AspNetCore.Server": "2.80.0",
          "Grpc.HealthCheck": "2.80.0"
        }
      },
      "Grpc.AspNetCore.Server.Reflection": {
        "type": "Direct",
        "requested": "[2.80.0, )",
        "resolved": "2.80.0",
        "contentHash": "FMrdDTgXC4BVeX4VAYiCIY6MbjCOOBLS0vF4LuTn0fxYz/8/Sdt7F+USZeib4qPlhc8EFI3Gg92s5Yd8QG4F1w==",
        "dependencies": {
          "Google.Protobuf": "3.31.1",
          "Grpc.AspNetCore.Server": "2.80.0",
          "Grpc.Reflection": "2.80.0"
        }
      },
      "Hangfire.AspNetCore": {
        "type": "Direct",
        "requested": "[1.8.23, )",
        "resolved": "1.8.23",
        "contentHash": "TXpOl7kX4xXq5bLEqqWCpt9zh3TaouDwtb3GDtzGHX5uSC2RaAqZzn2swevivx3Uki16slXIigiPtgr4TPKpsg==",
        "dependencies": {
          "Hangfire.NetCore": "[1.8.23]"
        }
      },
      "Hangfire.PostgreSql": {
        "type": "Direct",
        "requested": "[1.21.1, )",
        "resolved": "1.21.1",
        "contentHash": "hFNZAxv+1p72/XCZdImnH6ovCzZ2DKAMTOI8CReT0P3yw/k0b0YJP2teA18agNH1ZYInPzhtxGk8hx5n2cxbbQ==",
        "dependencies": {
          "Dapper": "2.0.123",
          "Dapper.AOT": "1.0.48",
          "Hangfire.Core": "1.8.0",
          "Npgsql": "6.0.11"
        }
      },
      "Hl7.Fhir.R4": {
        "type": "Direct",
        "requested": "[6.3.0, )",
        "resolved": "6.3.0",
        "contentHash": "eS3DJvxtA+Sy1AGSv6x415pV89AYhCB20OdUgcImM2obpUdiGPV4eiS4AclBMwNeD+6PrREQ2X9XVJ6Dicw/rg==",
        "dependencies": {
          "Hl7.Fhir.Conformance": "6.3.0"
        }
      },
      "Microsoft.AspNetCore.App.Internal.Assets": {
        "type": "Direct",
        "requested": "[10.0.9, )",
        "resolved": "10.0.9",
        "contentHash": "E9Wp/LPKAYkGOVBv4lt5U5TnUA/7pov7QZAwF3eI64kK8AAXqkPDwuadEOwpL1WXEfgecYm0fccluvABp32D8g=="
      },
      "Microsoft.AspNetCore.Authentication.JwtBearer": {
        "type": "Direct",
        "requested": "[10.0.9, )",
        "resolved": "10.0.9",
        "contentHash": "Hs5NDsGm8YicDDNx5RoBIT+H2AB9R27MvZ2gHoupTiHr+nnH3VxzY7DcmlbJ3b5DvvOhK35lWt/9Odtrq9sjtA==",
        "dependencies": {
          "Microsoft.IdentityModel.Protocols.OpenIdConnect": "8.0.1"
        }
      },
      "Microsoft.AspNetCore.Authentication.OpenIdConnect": {
        "type": "Direct",
        "requested": "[10.0.9, )",
        "resolved": "10.0.9",
        "contentHash": "Xvmxf86pKWHk9aSdqIQP7ao4qTLsYoiYgtbe75YP2aSCdGY4EHjaWOD0IWVR4/wcukrdj6DfqJRtVniUXSr5Nw==",
        "dependencies": {
          "Microsoft.IdentityModel.Protocols.OpenIdConnect": "8.0.1"
        }
      },
      "Microsoft.AspNetCore.DataProtection.EntityFrameworkCore": {
        "type": "Direct",
        "requested": "[10.0.9, )",
        "resolved": "10.0.9",
        "contentHash": "RVbqubLZLstduJDSNV9syFOdKhzUAtgtLlKDtgdccD0oPDTr4ii6XyEuKS3pxE1erFKLsxGwaXbBLgd5IHnT2A==",
        "dependencies": {
          "Microsoft.EntityFrameworkCore": "10.0.9"
        }
      },
      "Microsoft.AspNetCore.Grpc.Swagger": {
        "type": "Direct",
        "requested": "[0.10.9, )",
        "resolved": "0.10.9",
        "contentHash": "mRM5LXKmH7YQ1WauJzfOpYe+ivtXQChbhm6RTwu3uAOpx4Zg14en39cTfyM9hLJKKIFAL+EZGUC7cXruRn0agA==",
        "dependencies": {
          "Microsoft.AspNetCore.Grpc.JsonTranscoding": "10.0.9",
          "Swashbuckle.AspNetCore": "6.6.2"
        }
      },
      "Microsoft.Data.Sqlite.Core": {
        "type": "Direct",
        "requested": "[10.0.9, )",
        "resolved": "10.0.9",
        "contentHash": "iZrONyMKPjxfVZnUktqO30QjzNwAGH+AxM61s8lKQnVhgbQ3bn0hiXI129ZmVicEbIcwljyy2OVsIYUR51ZHKQ==",
        "dependencies": {
          "SQLitePCLRaw.core": "2.1.11"
        }
      },
      "Microsoft.EntityFrameworkCore": {
        "type": "Direct",
        "requested": "[10.0.9, )",
        "resolved": "10.0.9",
        "contentHash": "tu85SRzOT021V7EQlViCiAE7TqldVn469Y6lt5TEn/+XC4/MeNCHgMRSxqYuWqvF4zAQZUhCmtNEZuM3ss4LeA==",
        "dependencies": {
          "Microsoft.EntityFrameworkCore.Abstractions": "10.0.9",
          "Microsoft.EntityFrameworkCore.Analyzers": "10.0.9"
        }
      },
      "Microsoft.EntityFrameworkCore.Design": {
        "type": "Direct",
        "requested": "[10.0.9, )",
        "resolved": "10.0.9",
        "contentHash": "NxgqhpB89S6BViMku9B476KopBumtk0IQ4/iVn2GeeUBW9SyzLvWwOR0zPgcooAtRlR0UVzXkaUs71gYHSAbHg==",
        "dependencies": {
          "Humanizer.Core": "2.14.1",
          "Microsoft.Build.Framework": "18.0.2",
          "Microsoft.CodeAnalysis.CSharp": "5.0.0",
          "Microsoft.CodeAnalysis.CSharp.Workspaces": "5.0.0",
          "Microsoft.CodeAnalysis.Workspaces.MSBuild": "5.0.0",
          "Microsoft.EntityFrameworkCore.Relational": "10.0.9",
          "Microsoft.Extensions.DependencyModel": "10.0.9",
          "Mono.TextTemplating": "3.0.0",
          "Newtonsoft.Json": "13.0.3"
        }
      },
      "Microsoft.EntityFrameworkCore.Sqlite": {
        "type": "Direct",
        "requested": "[10.0.9, )",
        "resolved": "10.0.9",
        "contentHash": "HH9/nnRF/YmRrc3hUlgXjMBYKH5kFmd5UWC81l9U0ySQhwHTcgvDPSewB8DyQHzFJzNGgG7VFK6ynC6+XQz9WA==",
        "dependencies": {
          "Microsoft.EntityFrameworkCore.Sqlite.Core": "10.0.9",
          "Microsoft.Extensions.DependencyModel": "10.0.9",
          "SQLitePCLRaw.bundle_e_sqlite3": "2.1.11",
          "SQLitePCLRaw.core": "2.1.11"
        }
      },
      "Microsoft.Extensions.Diagnostics.HealthChecks.EntityFrameworkCore": {
        "type": "Direct",
        "requested": "[10.0.9, )",
        "resolved": "10.0.9",
        "contentHash": "QPT82DUkDXsgqXGKnyYcm0SJ1b3ryv1FRrsLcfmueAYIt2GmYqNmRLd7giFbHbB19uXSrExUeOa9r1RncATIGw==",
        "dependencies": {
          "Microsoft.EntityFrameworkCore.Relational": "10.0.9"
        }
      },
      "Npgsql": {
        "type": "Direct",
        "requested": "[10.0.3, )",
        "resolved": "10.0.3",
        "contentHash": "7nb5YzXuvWWJxB0J8DiyL3we+X4FOctZrt0fIBnucOIaIevFEEwGQVZKtiu9olXdlNAK1eNgqSral6r/jlhI4w=="
      },
      "Npgsql.EntityFrameworkCore.PostgreSQL": {
        "type": "Direct",
        "requested": "[10.0.3, )",
        "resolved": "10.0.3",
        "contentHash": "IPGrrZnRkuW7OlHDhUESZz4G5DLkW7Nej/O3Cx+0iTsgyU5XJxBgpsvTHLloo3WWuAKKbDHXBvWPVkX1deRh1Q==",
        "dependencies": {
          "Microsoft.EntityFrameworkCore": "[10.0.4, 11.0.0)",
          "Microsoft.EntityFrameworkCore.Relational": "[10.0.4, 11.0.0)",
          "Npgsql": "10.0.3"
        }
      },
      "Npgsql.OpenTelemetry": {
        "type": "Direct",
        "requested": "[10.0.3, )",
        "resolved": "10.0.3",
        "contentHash": "ShsdG/FHxJ2VuWM6tebJL/mCWkcxymmvtENN59c85EsJdT4TStWwwtgZoBu/9UvC0qi1jpFZ6bOfl9ijiWD+vA==",
        "dependencies": {
          "Npgsql": "10.0.3",
          "OpenTelemetry.API": "1.15.3"
        }
      },
      "OpenTelemetry.Exporter.OpenTelemetryProtocol": {
        "type": "Direct",
        "requested": "[1.16.0, )",
        "resolved": "1.16.0",
        "contentHash": "gzYLY8sVDY5FYtVlCYSzBYX53xslRlvBLxwFYOdNIhc76SgKdFYUoDQXOeQI3WPBCrZp51QNcP6fZHh1+HtpIQ==",
        "dependencies": {
          "OpenTelemetry": "1.16.0"
        }
      },
      "OpenTelemetry.Extensions.Hosting": {
        "type": "Direct",
        "requested": "[1.16.0, )",
        "resolved": "1.16.0",
        "contentHash": "/YfrO5MRaA156vhNanYGPX2JjOwKUrA0+Jf7ltT2eD3VkfHqXcEJY5Oxt/nWH8lqBOTc1nJpn2soBtD5Cml8Dg==",
        "dependencies": {
          "OpenTelemetry": "1.16.0"
        }
      },
      "OpenTelemetry.Instrumentation.AspNetCore": {
        "type": "Direct",
        "requested": "[1.16.0, )",
        "resolved": "1.16.0",
        "contentHash": "vSC5EsmBVNcqXMh9BGkkq8zkoUjrg8ghBDb9zbKR8Bqjd05utjVgVft+fqsqQVsvlV5olGj1pBliHBngcIGSIg==",
        "dependencies": {
          "OpenTelemetry.Api.ProviderBuilderExtensions": "[1.16.0, 2.0.0)"
        }
      },
      "prometheus-net.AspNetCore": {
        "type": "Direct",
        "requested": "[8.2.1, )",
        "resolved": "8.2.1",
        "contentHash": "/4TfTvbwIDqpaKTiWvEsjUywiHYF9zZvGZF5sK15avoDsUO/WPQbKsF8TiMaesuphdFQPK2z52P0zk6j26V0rQ==",
        "dependencies": {
          "prometheus-net": "8.2.1"
        }
      },
      "prometheus-net.AspNetCore.Grpc": {
        "type": "Direct",
        "requested": "[8.2.1, )",
        "resolved": "8.2.1",
        "contentHash": "zd2npweTzIb7u9k9uaTIz3is+m6L36Dlegwt5P/RQvDaKLCZhm0fvWz3PxiLKriIdWOuAesujnMBu77aTet29Q==",
        "dependencies": {
          "Grpc.AspNetCore.Server": "2.48.0",
          "prometheus-net.AspNetCore": "8.2.1"
        }
      },
      "prometheus-net.AspNetCore.HealthChecks": {
        "type": "Direct",
        "requested": "[8.2.1, )",
        "resolved": "8.2.1",
        "contentHash": "aKeCH7Wc6FayXPZHyxolifmH/JaH7eyRpMhge3hzdfi4JMHlTPdhDFKDizGvwOd5RL7rhEmUWfhiWAT1j6GYXg==",
        "dependencies": {
          "prometheus-net.AspNetCore": "8.2.1"
        }
      },
      "AngleSharp": {
        "type": "Transitive",
        "resolved": "0.17.1",
        "contentHash": "5MPI4bbixlwxb0W/smOMeIR+QlxMy5/5jD+WnIAw4pBC+7AhLPe5bS3cLgQMJyvd6q0A48sG+uYOt/ep406GLA=="
      },
      "AngleSharp.Css": {
        "type": "Transitive",
        "resolved": "0.17.0",
        "contentHash": "bg0AcugmX6BFEi/DHG61QrwRU8iuiX4H8LZehdIzYdqOM/dgb3BsCTzNIcc1XADn4+xfQEdVwJYTSwUxroL4vg==",
        "dependencies": {
          "AngleSharp": "[0.17.0, 0.18.0)"
        }
      },
      "AWSSDK.Core": {
        "type": "Transitive",
        "resolved": "4.0.100.3",
        "contentHash": "KU+8IlwHqh68J82FXvsNgehAuG0Z++Ul62oD5sg5Iyj4RgSdUKer3nbLBJbW31DAM7mgEuckhsEcJW+2wYpSVA=="
      },
      "BlazorBlueprint.Primitives": {
        "type": "Transitive",
        "resolved": "3.13.0",
        "contentHash": "RBwplbJJMYQb5/DrQOyVXmHYyMzqkLJGK49LZLpJsE2Gapet16N9VQLhO8JV4R5PwlGrZiB6FVjjCx4XdkmtAw=="
      },
      "Dapper": {
        "type": "Transitive",
        "resolved": "2.0.123",
        "contentHash": "RDFF4rBLLmbpi6pwkY7q/M6UXHRJEOerplDGE5jwEkP/JGJnBauAClYavNKJPW1yOTWRPIyfj4is3EaJxQXILQ=="
      },
      "Dapper.AOT": {
        "type": "Transitive",
        "resolved": "1.0.48",
        "contentHash": "rsLM3yKr4g+YKKox9lhc8D+kz67P7Q9+xdyn1LmCsoYr1kYpJSm+Nt6slo5UrfUrcTiGJ57zUlyO8XUdV7G7iA=="
      },
      "DbExceptionClassifier.Common": {
        "type": "Transitive",
        "resolved": "1.0.1",
        "contentHash": "Lz0R2s1+7iIin7TUvz4XjCg8zD0D8aLTAU3WfGnS+M5cEiIdNYmGWn1h7wZXpAzHh8Js4De7MLChp8qE2wl3ig=="
      },
      "DbExceptionClassifier.PostgreSQL": {
        "type": "Transitive",
        "resolved": "1.0.1",
        "contentHash": "bs2PvMf3kUMYPGJBMDwgUz3dO9MSa+DO765IsZbe2wAxc8zgfircZBqaWPNi4OxLe8zCX+azD0ySaBxKQa7xTQ==",
        "dependencies": {
          "DbExceptionClassifier.Common": "1.0.1",
          "Npgsql": "10.0.2"
        }
      },
      "EntityFrameworkCore.Exceptions.Common": {
        "type": "Transitive",
        "resolved": "10.0.1",
        "contentHash": "dUuK9lJFQeLHqnPq5kTusu9MUIxvm3QVukwKDIB5ti0iaN6wBtm2SIQ4JNKU3ZneC6IQUEU57L6tWB+fB2IhCw==",
        "dependencies": {
          "DbExceptionClassifier.Common": "1.0.1",
          "Microsoft.EntityFrameworkCore.Relational": "10.0.5"
        }
      },
      "Fhir.Metrics": {
        "type": "Transitive",
        "resolved": "1.3.1",
        "contentHash": "pCC0/KT4xe7vvJ0UD9u8CTBQOoIqMBl01du0UvK95i1A6smPb32gdmwSJvtx+KV7jQwkIMeKblkH8M3d9iw7fg=="
      },
      "Google.Api.CommonProtos": {
        "type": "Transitive",
        "resolved": "2.15.0",
        "contentHash": "k+43CTEgMbT4C2JjcIJon3GvMNFJ3kLMjPTedOkXUAt0D5cFfrlee+M4oieueAVhbXktR89yoj5O/kVmC/AKJw==",
        "dependencies": {
          "Google.Protobuf": "[3.25.0, 4.0.0)"
        }
      },
      "Google.Protobuf": {
        "type": "Transitive",
        "resolved": "3.31.1",
        "contentHash": "gSnJbUmGiOTdWddPhqzrEscHq9Ls6sqRDPB9WptckyjTUyx70JOOAaDLkFff8gManZNN3hllQ4aQInnQyq/Z/A=="
      },
      "Grpc.AspNetCore.Server": {
        "type": "Transitive",
        "resolved": "2.80.0",
        "contentHash": "lbK7z1sZP5imPdQ035f/CZ61iIaBWouY6A580E9JNo7vzXYX/Qo+GQtSjOzhP9VFbxk7mtLoMhn/v1fT2U7kTw==",
        "dependencies": {
          "Grpc.Net.Common": "2.80.0"
        }
      },
      "Grpc.AspNetCore.Server.ClientFactory": {
        "type": "Transitive",
        "resolved": "2.80.0",
        "contentHash": "7JdfxQZv/pO9qU5Ild2mrkzYA7PmVGDKVmWqKVCZNRSDN/RluRN4S4utYgBSwAcYgUBWQDHNb1Ll7wm3BdHfqw==",
        "dependencies": {
          "Grpc.AspNetCore.Server": "2.80.0",
          "Grpc.Net.ClientFactory": "2.80.0"
        }
      },
      "Grpc.Core.Api": {
        "type": "Transitive",
        "resolved": "2.80.0",
        "contentHash": "i/8s+MOrYa6n7BmZ5bilcbHk+EMJDQHm2MKLhwGAT+urQqlZ6cpjvSivYvuULjebuX+UKieLYZbLRCmVQxFRkw=="
      },
      "Grpc.HealthCheck": {
        "type": "Transitive",
        "resolved": "2.80.0",
        "contentHash": "mnTOhVQ/PTFIUEjCzR5w1Lh9AAW/FNVbIFUA3qOHIO2K0tRnzHSwS16INHvrJfaFVO/sHfWj9LJD/avINjqfnw==",
        "dependencies": {
          "Google.Protobuf": "3.31.1",
          "Grpc.Core.Api": "2.80.0"
        }
      },
      "Grpc.Net.Client": {
        "type": "Transitive",
        "resolved": "2.80.0",
        "contentHash": "I1Aa24nTRMHqx0pmQfvthFsOpejquDjiJV6092KBqjw6EEr3wA9CMXlrdkoEgHartOiJrpKyZiQRl7n0NVlfBg==",
        "dependencies": {
          "Grpc.Net.Common": "2.80.0"
        }
      },
      "Grpc.Net.ClientFactory": {
        "type": "Transitive",
        "resolved": "2.80.0",
        "contentHash": "YtY1DWID2phwiGc8qBG7+wf00Do5jE7BkJgCc6nbu5b50OsD89mSd73oCE8fCnUo7IjtDAEYFOYI3NSzgn28gw==",
        "dependencies": {
          "Grpc.Net.Client": "2.80.0"
        }
      },
      "Grpc.Net.Common": {
        "type": "Transitive",
        "resolved": "2.80.0",
        "contentHash": "E2ERsx+9IXlry4yjBl8btx0XMIKzymGNSvX5jmBS/uSwYyYDoKIDcIREyLqFLvd8vcJdcoRlycpvn9YRXutFpQ==",
        "dependencies": {
          "Grpc.Core.Api": "2.80.0"
        }
      },
      "Grpc.Reflection": {
        "type": "Transitive",
        "resolved": "2.80.0",
        "contentHash": "SNGFuUR4OiJM9QUdkpP6gbFVrRKSe2xhL7lvXMP38gcgwPJBFC0wVUcYMue656YhPRIGEjeCa4iXjDQ+VQU2jQ==",
        "dependencies": {
          "Google.Protobuf": "3.31.1",
          "Grpc.Core.Api": "2.80.0"
        }
      },
      "Grpc.Tools": {
        "type": "Transitive",
        "resolved": "2.80.0",
        "contentHash": "NS1AxwVZnrdbBoMf5L5ruGjBjoLBej9avhqxWNsgfu2GU6FhpxEVJOwLJsdljlDCjvquJiAH2zf/WodIWMvf2w=="
      },
      "Hangfire.Core": {
        "type": "Transitive",
        "resolved": "1.8.23",
        "contentHash": "YCOTtF3NNOQI83PlfjeNDDBkofJDfdET2CwhfQsiVBwmsU6lP19QW9NVTIH9epl+MnOsyFC2G1RnlPSGV8F1FQ==",
        "dependencies": {
          "Newtonsoft.Json": "11.0.1"
        }
      },
      "Hangfire.NetCore": {
        "type": "Transitive",
        "resolved": "1.8.23",
        "contentHash": "SmvUJF/u5MCP666R5Y1V+GntqBc4RCWJqn5ztMMN67d53Cx5cuaWR0YNLMrabjylwLarFYJ7EdR9RnGEZzp/dg==",
        "dependencies": {
          "Hangfire.Core": "[1.8.23]"
        }
      },
      "Hl7.Fhir.Base": {
        "type": "Transitive",
        "resolved": "6.3.0",
        "contentHash": "k8XIzJftud7yqRXyBQKnJmKifjkGqICMk1SjfbEWunsf24cpOm1ThgTJBYt1Vixh1dBixV/NT7bih58gOdWfgw==",
        "dependencies": {
          "Fhir.Metrics": "1.3.1",
          "Newtonsoft.Json": "13.0.4",
          "System.ComponentModel.Annotations": "5.0.0"
        }
      },
      "Hl7.Fhir.Conformance": {
        "type": "Transitive",
        "resolved": "6.3.0",
        "contentHash": "1kjNxkaw9/0/nrqd0jn8sw9aDRjto4iCwsFMKFejp2CBM8ythmRUVQFBXxhVuawLtBUbQpT5ABrTOi2xOvKBjA==",
        "dependencies": {
          "Hl7.Fhir.Base": "6.3.0"
        }
      },
      "HtmlSanitizer": {
        "type": "Transitive",
        "resolved": "9.0.892",
        "contentHash": "zdkMmpNCjTkxna8Y+jmPIFm2st+HjHrf32yNElFYwe7L4GmDm+mdKR6TzDyf6ewJ0RUUz84D4IkHNgrwGi4VbQ==",
        "dependencies": {
          "AngleSharp": "[0.17.1]",
          "AngleSharp.Css": "[0.17.0]"
        }
      },
      "Humanizer.Core": {
        "type": "Transitive",
        "resolved": "2.14.1",
        "contentHash": "lQKvtaTDOXnoVJ20ibTuSIOf2i0uO0MPbDhd1jm238I+U/2ZnRENj0cktKZhtchBMtCUSRQ5v4xBCUbKNmyVMw=="
      },
      "Markdig": {
        "type": "Transitive",
        "resolved": "0.37.0",
        "contentHash": "biiu4MTPFjW55qw6v5Aphtj0MjDLJ14x8ndZwkJUHIeqvaSGKeqhLY7S7Vu/S3k7/c9KwhhnaCDP9hdFNUhcNA=="
      },
      "Microsoft.AspNetCore.Grpc.JsonTranscoding": {
        "type": "Transitive",
        "resolved": "10.0.9",
        "contentHash": "5ISUbZx/OlP2Yy0GapazFcyPRSwwnj6jRcw7h0Wfz3M9QCjZ5WbBhw/BkjqZfCYWnnA4WPXihdZv8abDa0EDyw==",
        "dependencies": {
          "Google.Api.CommonProtos": "2.15.0",
          "Google.Protobuf": "3.27.0",
          "Grpc.AspNetCore.Server": "2.64.0"
        }
      },
      "Microsoft.Build.Framework": {
        "type": "Transitive",
        "resolved": "18.0.2",
        "contentHash": "sOSb+0J4G/jCBW/YqmRuL0eOMXgfw1KQLdC9TkbvfA5xs7uNm+PBQXJCOzSJGXtZcZrtXozcwxPmUiRUbmd7FA=="
      },
      "Microsoft.CodeAnalysis.Analyzers": {
        "type": "Transitive",
        "resolved": "3.11.0",
        "contentHash": "v/EW3UE8/lbEYHoC2Qq7AR/DnmvpgdtAMndfQNmpuIMx/Mto8L5JnuCfdBYtgvalQOtfNCnxFejxuRrryvUTsg=="
      },
      "Microsoft.CodeAnalysis.Common": {
        "type": "Transitive",
        "resolved": "5.0.0",
        "contentHash": "ZXRAdvH6GiDeHRyd3q/km8Z44RoM6FBWHd+gen/la81mVnAdHTEsEkO5J0TCNXBymAcx5UYKt5TvgKBhaLJEow==",
        "dependencies": {
          "Microsoft.CodeAnalysis.Analyzers": "3.11.0"
        }
      },
      "Microsoft.CodeAnalysis.CSharp": {
        "type": "Transitive",
        "resolved": "5.0.0",
        "contentHash": "5DSyJ9bk+ATuDy7fp2Zt0mJStDVKbBoiz1DyfAwSa+k4H4IwykAUcV3URelw5b8/iVbfSaOwkwmPUZH6opZKCw==",
        "dependencies": {
          "Microsoft.CodeAnalysis.Analyzers": "3.11.0",
          "Microsoft.CodeAnalysis.Common": "[5.0.0]"
        }
      },
      "Microsoft.CodeAnalysis.CSharp.Workspaces": {
        "type": "Transitive",
        "resolved": "5.0.0",
        "contentHash": "Al/Q8B+yO8odSqGVpSvrShMFDvlQdIBU//F3E6Rb0YdiLSALE9wh/pvozPNnfmh5HDnvU+mkmSjpz4hQO++jaA==",
        "dependencies": {
          "Humanizer.Core": "2.14.1",
          "Microsoft.CodeAnalysis.Analyzers": "3.11.0",
          "Microsoft.CodeAnalysis.CSharp": "[5.0.0]",
          "Microsoft.CodeAnalysis.Common": "[5.0.0]",
          "Microsoft.CodeAnalysis.Workspaces.Common": "[5.0.0]",
          "System.Composition": "9.0.0"
        }
      },
      "Microsoft.CodeAnalysis.Workspaces.Common": {
        "type": "Transitive",
        "resolved": "5.0.0",
        "contentHash": "ZbUmIvT6lqTNKiv06Jl5wf0MTMi1vQ1oH7ou4CLcs2C/no/L7EhP3T8y3XXvn9VbqMcJaJnEsNA1jwYUMgc5jg==",
        "dependencies": {
          "Humanizer.Core": "2.14.1",
          "Microsoft.CodeAnalysis.Analyzers": "3.11.0",
          "Microsoft.CodeAnalysis.Common": "[5.0.0]",
          "System.Composition": "9.0.0"
        }
      },
      "Microsoft.CodeAnalysis.Workspaces.MSBuild": {
        "type": "Transitive",
        "resolved": "5.0.0",
        "contentHash": "/G+LVoAGMz6Ae8nm+PGLxSw+F5RjYx/J7irbTO5uKAPw1bxHyQJLc/YOnpDxt+EpPtYxvC9wvBsg/kETZp1F9Q==",
        "dependencies": {
          "Humanizer.Core": "2.14.1",
          "Microsoft.Build.Framework": "17.11.31",
          "Microsoft.CodeAnalysis.Analyzers": "3.11.0",
          "Microsoft.CodeAnalysis.Workspaces.Common": "[5.0.0]",
          "Microsoft.VisualStudio.SolutionPersistence": "1.0.52",
          "Newtonsoft.Json": "13.0.3",
          "System.Composition": "9.0.0"
        }
      },
      "Microsoft.EntityFrameworkCore.Abstractions": {
        "type": "Transitive",
        "resolved": "10.0.9",
        "contentHash": "GRMaiPkqYna/gCsyDffYDWmefGPC3hDrdMw+2rrGcQwhs6uZOsaMQXMJnoXQ35tx9SkBV2ieRRU9N/jLOO6BZw=="
      },
      "Microsoft.EntityFrameworkCore.Analyzers": {
        "type": "Transitive",
        "resolved": "10.0.9",
        "contentHash": "aiEFB+C5EsZGqxvMPazE07hbWsp4iPaufJpanGt5O+lrwv7mJLrqma5haVIgFAPCyhQkmk75XSCEubT1zUjxtA=="
      },
      "Microsoft.EntityFrameworkCore.Relational": {
        "type": "Transitive",
        "resolved": "10.0.9",
        "contentHash": "dEoyYKgiaZHHgOFm1WMWm1sFEsEuhPWufX4L9PekKtqd/RaIcPjkCjvbrVvJtApErb5wPSJhYvnTlxhH+p9h2g==",
        "dependencies": {
          "Microsoft.EntityFrameworkCore": "10.0.9"
        }
      },
      "Microsoft.EntityFrameworkCore.Sqlite.Core": {
        "type": "Transitive",
        "resolved": "10.0.9",
        "contentHash": "3bPEmACAaPJJSw+m5XwTSi3yZnVtaifa4d8gLsNMzW0Qu28jS5kADSfgJRBlq49RJ1K098VCzEDRJwM8gE6f2w==",
        "dependencies": {
          "Microsoft.Data.Sqlite.Core": "10.0.9",
          "Microsoft.EntityFrameworkCore.Relational": "10.0.9",
          "Microsoft.Extensions.DependencyModel": "10.0.9",
          "SQLitePCLRaw.core": "2.1.11"
        }
      },
      "Microsoft.Extensions.ApiDescription.Server": {
        "type": "Transitive",
        "resolved": "6.0.5",
        "contentHash": "Ckb5EDBUNJdFWyajfXzUIMRkhf52fHZOQuuZg/oiu8y7zDCVwD0iHhew6MnThjHmevanpxL3f5ci2TtHQEN6bw=="
      },
      "Microsoft.Extensions.DependencyModel": {
        "type": "Transitive",
        "resolved": "10.0.9",
        "contentHash": "SCDTQ6HubnRvTUjR7dgMKHZvNoCb03t44ttHL8trlFTGgfDteWn/0nRdOxDhcI+lTWhKgd/flCVJEtAOPhSLNg=="
      },
      "Microsoft.IdentityModel.Abstractions": {
        "type": "Transitive",
        "resolved": "8.0.1",
        "contentHash": "OtlIWcyX01olfdevPKZdIPfBEvbcioDyBiE/Z2lHsopsMD7twcKtlN9kMevHmI5IIPhFpfwCIiR6qHQz1WHUIw=="
      },
      "Microsoft.IdentityModel.JsonWebTokens": {
        "type": "Transitive",
        "resolved": "8.0.1",
        "contentHash": "s6++gF9x0rQApQzOBbSyp4jUaAlwm+DroKfL8gdOHxs83k8SJfUXhuc46rDB3rNXBQ1MVRxqKUrqFhO/M0E97g==",
        "dependencies": {
          "Microsoft.IdentityModel.Tokens": "8.0.1"
        }
      },
      "Microsoft.IdentityModel.Logging": {
        "type": "Transitive",
        "resolved": "8.0.1",
        "contentHash": "UCPF2exZqBXe7v/6sGNiM6zCQOUXXQ9+v5VTb9gPB8ZSUPnX53BxlN78v2jsbIvK9Dq4GovQxo23x8JgWvm/Qg==",
        "dependencies": {
          "Microsoft.IdentityModel.Abstractions": "8.0.1"
        }
      },
      "Microsoft.IdentityModel.Protocols": {
        "type": "Transitive",
        "resolved": "8.0.1",
        "contentHash": "uA2vpKqU3I2mBBEaeJAWPTjT9v1TZrGWKdgK6G5qJd03CLx83kdiqO9cmiK8/n1erkHzFBwU/RphP83aAe3i3g==",
        "dependencies": {
          "Microsoft.IdentityModel.Tokens": "8.0.1"
        }
      },
      "Microsoft.IdentityModel.Protocols.OpenIdConnect": {
        "type": "Transitive",
        "resolved": "8.0.1",
        "contentHash": "AQDbfpL+yzuuGhO/mQhKNsp44pm5Jv8/BI4KiFXR7beVGZoSH35zMV3PrmcfvSTsyI6qrcR898NzUauD6SRigg==",
        "dependencies": {
          "Microsoft.IdentityModel.Protocols": "8.0.1",
          "System.IdentityModel.Tokens.Jwt": "8.0.1"
        }
      },
      "Microsoft.IdentityModel.Tokens": {
        "type": "Transitive",
        "resolved": "8.0.1",
        "contentHash": "kDimB6Dkd3nkW2oZPDkMkVHfQt3IDqO5gL0oa8WVy3OP4uE8Ij+8TXnqg9TOd9ufjsY3IDiGz7pCUbnfL18tjg==",
        "dependencies": {
          "Microsoft.IdentityModel.Logging": "8.0.1"
        }
      },
      "Microsoft.OpenApi": {
        "type": "Transitive",
        "resolved": "1.6.14",
        "contentHash": "tTaBT8qjk3xINfESyOPE2rIellPvB7qpVqiWiyA/lACVvz+xOGiXhFUfohcx82NLbi5avzLW0lx+s6oAqQijfw=="
      },
      "Microsoft.VisualStudio.SolutionPersistence": {
        "type": "Transitive",
        "resolved": "1.0.52",
        "contentHash": "oNv2JtYXhpdJrX63nibx1JT3uCESOBQ1LAk7Dtz/sr0+laW0KRM6eKp4CZ3MHDR2siIkKsY8MmUkeP5DKkQQ5w=="
      },
      "Mono.TextTemplating": {
        "type": "Transitive",
        "resolved": "3.0.0",
        "contentHash": "YqueG52R/Xej4VVbKuRIodjiAhV0HR/XVbLbNrJhCZnzjnSjgMJ/dCdV0akQQxavX6hp/LC6rqLGLcXeQYU7XA==",
        "dependencies": {
          "System.CodeDom": "6.0.0"
        }
      },
      "Newtonsoft.Json": {
        "type": "Transitive",
        "resolved": "13.0.4",
        "contentHash": "pdgNNMai3zv51W5aq268sujXUyx7SNdE2bj1wZcWjAQrKMFZV260lbqYop1d2GM67JI1huLRwxo9ZqnfF/lC6A=="
      },
      "OpenTelemetry": {
        "type": "Transitive",
        "resolved": "1.16.0",
        "contentHash": "nE/Px3MUvQC8c0UG0DOP5OJE7vMtiMaPYi/6TkSS/o/O0s/oPq+8WaPYTVEPzb7lwu/QyLgknc+sFm2FjPXe2A==",
        "dependencies": {
          "OpenTelemetry.Api.ProviderBuilderExtensions": "1.16.0"
        }
      },
      "OpenTelemetry.Api": {
        "type": "Transitive",
        "resolved": "1.16.0",
        "contentHash": "WZP8Eb6vZTeNqeV+fjBitc7iefBoTHIhaWorqg/h/YiQBlcQJu0bICuTqKV0XRyjiE0eWs80yLlnUtHAFSkFWA=="
      },
      "OpenTelemetry.Api.ProviderBuilderExtensions": {
        "type": "Transitive",
        "resolved": "1.16.0",
        "contentHash": "hZwaHAkXvUNn9+cS+vEvYBgIrIQOQRz2cIRUODZ5gxHsDsLeNCueLgZFkybopjE0jUhLut6lm5eL3LTqbW0hMg==",
        "dependencies": {
          "OpenTelemetry.Api": "1.16.0"
        }
      },
      "Planetarium.LruCacheNet": {
        "type": "Transitive",
        "resolved": "1.2.0",
        "contentHash": "WE2eblbDjsOoJhOBA+Jiwk/c+xrbFTRu+KaUOhhRWklCyScWSGCFS3gNmuc7zjjdJPSjotGAoKjAJIkHsXPXxQ=="
      },
      "prometheus-net": {
        "type": "Transitive",
        "resolved": "8.2.1",
        "contentHash": "3wVgdEPOCBF752s2xps5T+VH+c9mJK8S8GKEDg49084P6JZMumTZI5Te6aJ9MQpX0sx7om6JOnBpIi7ZBmmiDQ=="
      },
      "SQLitePCLRaw.bundle_e_sqlite3": {
        "type": "Transitive",
        "resolved": "2.1.11",
        "contentHash": "DC4nA7yWnf4UZdgJDF+9Mus4/cb0Y3Sfgi3gDnAoKNAIBwzkskNAbNbyu+u4atT0ruVlZNJfwZmwiEwE5oz9LQ==",
        "dependencies": {
          "SQLitePCLRaw.lib.e_sqlite3": "2.1.11",
          "SQLitePCLRaw.provider.e_sqlite3": "2.1.11"
        }
      },
      "SQLitePCLRaw.core": {
        "type": "Transitive",
        "resolved": "2.1.11",
        "contentHash": "PK0GLFkfhZzLQeR3PJf71FmhtHox+U3vcY6ZtswoMjrefkB9k6ErNJEnwXqc5KgXDSjige2XXrezqS39gkpQKA=="
      },
      "SQLitePCLRaw.lib.e_sqlite3": {
        "type": "Transitive",
        "resolved": "2.1.11",
        "contentHash": "Ev2ytaXiOlWZ4b3R67GZBsemTINslLD1DCJr2xiacpn4tbapu0Q4dHEzSvZSMnVWeE5nlObU3VZN2p81q3XOYQ=="
      },
      "SQLitePCLRaw.provider.e_sqlite3": {
        "type": "Transitive",
        "resolved": "2.1.11",
        "contentHash": "Y/0ZkR+r0Cg3DQFuCl1RBnv/tmxpIZRU3HUvelPw6MVaKHwYYR8YNvgs0vuNuXCMvlyJ+Fh88U1D4tah1tt6qw==",
        "dependencies": {
          "SQLitePCLRaw.core": "2.1.11"
        }
      },
      "Swashbuckle.AspNetCore": {
        "type": "Transitive",
        "resolved": "6.6.2",
        "contentHash": "+NB4UYVYN6AhDSjW0IJAd1AGD8V33gemFNLPaxKTtPkHB+HaKAKf9MGAEUPivEWvqeQfcKIw8lJaHq6LHljRuw==",
        "dependencies": {
          "Microsoft.Extensions.ApiDescription.Server": "6.0.5",
          "Swashbuckle.AspNetCore.Swagger": "6.6.2",
          "Swashbuckle.AspNetCore.SwaggerGen": "6.6.2",
          "Swashbuckle.AspNetCore.SwaggerUI": "6.6.2"
        }
      },
      "Swashbuckle.AspNetCore.Swagger": {
        "type": "Transitive",
        "resolved": "6.6.2",
        "contentHash": "ovgPTSYX83UrQUWiS5vzDcJ8TEX1MAxBgDFMK45rC24MorHEPQlZAHlaXj/yth4Zf6xcktpUgTEBvffRQVwDKA==",
        "dependencies": {
          "Microsoft.OpenApi": "1.6.14"
        }
      },
      "Swashbuckle.AspNetCore.SwaggerGen": {
        "type": "Transitive",
        "resolved": "6.6.2",
        "contentHash": "zv4ikn4AT1VYuOsDCpktLq4QDq08e7Utzbir86M5/ZkRaLXbCPF11E1/vTmOiDzRTl0zTZINQU2qLKwTcHgfrA==",
        "dependencies": {
          "Swashbuckle.AspNetCore.Swagger": "6.6.2"
        }
      },
      "Swashbuckle.AspNetCore.SwaggerUI": {
        "type": "Transitive",
        "resolved": "6.6.2",
        "contentHash": "mBBb+/8Hm2Q3Wygag+hu2jj69tZW5psuv0vMRXY07Wy+Rrj40vRP8ZTbKBhs91r45/HXT4aY4z0iSBYx1h6JvA=="
      },
      "System.CodeDom": {
        "type": "Transitive",
        "resolved": "6.0.0",
        "contentHash": "CPc6tWO1LAer3IzfZufDBRL+UZQcj5uS207NHALQzP84Vp/z6wF0Aa0YZImOQY8iStY0A2zI/e3ihKNPfUm8XA=="
      },
      "System.ComponentModel.Annotations": {
        "type": "Transitive",
        "resolved": "5.0.0",
        "contentHash": "dMkqfy2el8A8/I76n2Hi1oBFEbG1SfxD2l5nhwXV3XjlnOmwxJlQbYpJH4W51odnU9sARCSAgv7S3CyAFMkpYg=="
      },
      "System.Composition": {
        "type": "Transitive",
        "resolved": "9.0.0",
        "contentHash": "3Djj70fFTraOarSKmRnmRy/zm4YurICm+kiCtI0dYRqGJnLX6nJ+G3WYuFJ173cAPax/gh96REcbNiVqcrypFQ==",
        "dependencies": {
          "System.Composition.AttributedModel": "9.0.0",
          "System.Composition.Convention": "9.0.0",
          "System.Composition.Hosting": "9.0.0",
          "System.Composition.Runtime": "9.0.0",
          "System.Composition.TypedParts": "9.0.0"
        }
      },
      "System.Composition.AttributedModel": {
        "type": "Transitive",
        "resolved": "9.0.0",
        "contentHash": "iri00l/zIX9g4lHMY+Nz0qV1n40+jFYAmgsaiNn16xvt2RDwlqByNG4wgblagnDYxm3YSQQ0jLlC/7Xlk9CzyA=="
      },
      "System.Composition.Convention": {
        "type": "Transitive",
        "resolved": "9.0.0",
        "contentHash": "+vuqVP6xpi582XIjJi6OCsIxuoTZfR0M7WWufk3uGDeCl3wGW6KnpylUJ3iiXdPByPE0vR5TjJgR6hDLez4FQg==",
        "dependencies": {
          "System.Composition.AttributedModel": "9.0.0"
        }
      },
      "System.Composition.Hosting": {
        "type": "Transitive",
        "resolved": "9.0.0",
        "contentHash": "OFqSeFeJYr7kHxDfaViGM1ymk7d4JxK//VSoNF9Ux0gpqkLsauDZpu89kTHHNdCWfSljbFcvAafGyBoY094btQ==",
        "dependencies": {
          "System.Composition.Runtime": "9.0.0"
        }
      },
      "System.Composition.Runtime": {
        "type": "Transitive",
        "resolved": "9.0.0",
        "contentHash": "w1HOlQY1zsOWYussjFGZCEYF2UZXgvoYnS94NIu2CBnAGMbXFAX8PY8c92KwUItPmowal68jnVLBCzdrWLeEKA=="
      },
      "System.Composition.TypedParts": {
        "type": "Transitive",
        "resolved": "9.0.0",
        "contentHash": "aRZlojCCGEHDKqh43jaDgaVpYETsgd7Nx4g1zwLKMtv4iTo0627715ajEFNpEEBTgLmvZuv8K0EVxc3sM4NWJA==",
        "dependencies": {
          "System.Composition.AttributedModel": "9.0.0",
          "System.Composition.Hosting": "9.0.0",
          "System.Composition.Runtime": "9.0.0"
        }
      },
      "System.IdentityModel.Tokens.Jwt": {
        "type": "Transitive",
        "resolved": "8.0.1",
        "contentHash": "GJw3bYkWpOgvN3tJo5X4lYUeIFA2HD293FPUhKmp7qxS+g5ywAb34Dnd3cDAFLkcMohy5XTpoaZ4uAHuw0uSPQ==",
        "dependencies": {
          "Microsoft.IdentityModel.JsonWebTokens": "8.0.1",
          "Microsoft.IdentityModel.Tokens": "8.0.1"
        }
      },
      "TailwindMerge.NET": {
        "type": "Transitive",
        "resolved": "1.3.0",
        "contentHash": "eZgamFmf9muV4oxB8HUDRAxGVOErdfXoKKGnbAxfRHZpcn2ZcvHgYVp2ke9MSGL1G/9cL1C9Tfq42tg+NzkBwQ==",
        "dependencies": {
          "Planetarium.LruCacheNet": "1.2.0"
        }
      }
    }
  }
}