{
  "version": 1,
  "dependencies": {
    "net10.0": {
      "Grpc.AspNetCore": {
        "type": "Direct",
        "requested": "[2.83.0, )",
        "resolved": "2.83.0",
        "contentHash": "PMoR+paO24EgBjBvfCqrmkurBH+RmfOIYThsUv6sGx6LUH0kxhzQkjtZ44mJxU0IwEw64dCzHhIjAM+CmORp3g==",
        "dependencies": {
          "Google.Protobuf": "3.31.1",
          "Grpc.AspNetCore.Server.ClientFactory": "2.83.0",
          "Grpc.Tools": "2.83.0"
        }
      },
      "Grpc.AspNetCore.HealthChecks": {
        "type": "Direct",
        "requested": "[2.83.0, )",
        "resolved": "2.83.0",
        "contentHash": "eZesvIrd41tgbTY5W/fjF9c6GXtjJC+enKEaxoVabcRtvHu8dvHgA5OL7iWzGvuyq+l5eLUxs9V1ZoHbbTTXBw==",
        "dependencies": {
          "Grpc.AspNetCore.Server": "2.83.0",
          "Grpc.HealthCheck": "2.83.0"
        }
      },
      "Grpc.AspNetCore.Server.Reflection": {
        "type": "Direct",
        "requested": "[2.83.0, )",
        "resolved": "2.83.0",
        "contentHash": "XWY7LtvvNQFS2hwiurUDrjQb4WsVSqvrN0+pA2LZiGbb3JsXb0+AL68n5jy5M8RTfXo3iFKv/8NfH3X0db23PQ==",
        "dependencies": {
          "Google.Protobuf": "3.31.1",
          "Grpc.AspNetCore.Server": "2.83.0",
          "Grpc.Reflection": "2.83.0"
        }
      },
      "Microsoft.AspNetCore.Authentication.Certificate": {
        "type": "Direct",
        "requested": "[10.0.12, )",
        "resolved": "10.0.12",
        "contentHash": "hTZV338+Dacp087iF7abLekc7+6iLPt5IxCpI86em58WV7nZs1TuzWHMsie7ar91cbS8SyuAh6aAh3YKuhjm4g=="
      },
      "Microsoft.AspNetCore.Authentication.JwtBearer": {
        "type": "Direct",
        "requested": "[10.0.12, )",
        "resolved": "10.0.12",
        "contentHash": "DeE+Bq2OqB3FikFkZk+7gFBeLOQhkSolejLrbi+a9zpfvXtW1Ff6Nd6DIvHXIm+pc4aM4+52vDy3jnuau0qoUQ==",
        "dependencies": {
          "Microsoft.IdentityModel.Protocols.OpenIdConnect": "8.19.2"
        }
      },
      "Google.Protobuf": {
        "type": "Transitive",
        "resolved": "3.36.2",
        "contentHash": "Ci1q1iJg74qAE5riTA2FbMS0wPbpruPQI/JQ9DrAsRo2VsSxgt1e/pmxGxgrci+pXJEgrSYg2vPl8rrStZkclQ=="
      },
      "Grpc.AspNetCore.Server": {
        "type": "Transitive",
        "resolved": "2.83.0",
        "contentHash": "rWeSaXaSPIIerc82lhHKqmzlp/sgLnG+Zw1c3YEEVp/un+hJKPxJOXWuGUOS2cs3EvcZBZ2tliXsnAg5Mdk2Ew==",
        "dependencies": {
          "Grpc.Net.Common": "2.83.0"
        }
      },
      "Grpc.AspNetCore.Server.ClientFactory": {
        "type": "Transitive",
        "resolved": "2.83.0",
        "contentHash": "DrX1dE9WJNOsaKDQpD1gQaVE567jMNfhpBuG6P2NvGhirf2HZczfIJtd2d1L+steYh0YZ1q57Sa1ZHuufMPYBw==",
        "dependencies": {
          "Grpc.AspNetCore.Server": "2.83.0",
          "Grpc.Net.ClientFactory": "2.83.0"
        }
      },
      "Grpc.Core.Api": {
        "type": "Transitive",
        "resolved": "2.83.0",
        "contentHash": "xU8BT2bCw4Ct+/qIFJhhjkDEilKUbBOfp4US7l3Xa3hnlkN9l2LgISCbOw4PFYpW5jJFcK7FUAyWOFIQ94Hiqg=="
      },
      "Grpc.HealthCheck": {
        "type": "Transitive",
        "resolved": "2.83.0",
        "contentHash": "R7x5aqL351UEJr2jpNffnxJzSxR8BzdbUju5RQLjfPJEpxNwU4l87t1QfgWWPV3uRWVq3388Q7hArni8gtM7Xg==",
        "dependencies": {
          "Google.Protobuf": "3.31.1",
          "Grpc.Core.Api": "2.83.0"
        }
      },
      "Grpc.Net.Client": {
        "type": "Transitive",
        "resolved": "2.83.0",
        "contentHash": "dHYtx7hW4muttsCrWNG4/Ysb1iAIhNPEq28eo7vF166CdXn/RXOr3SGvSreIGIjvmdrADrBNJ2cUeJBto/T0XA==",
        "dependencies": {
          "Grpc.Net.Common": "2.83.0"
        }
      },
      "Grpc.Net.ClientFactory": {
        "type": "Transitive",
        "resolved": "2.83.0",
        "contentHash": "j07orG5YnET3n5+TnczHCQsyWL3a4n/lJlIS88B3Zffylpp0RkcPzLv4ILAwKmOWOBvbBHiytPzAwJ8p7JomEQ==",
        "dependencies": {
          "Grpc.Net.Client": "2.83.0"
        }
      },
      "Grpc.Net.Common": {
        "type": "Transitive",
        "resolved": "2.83.0",
        "contentHash": "9w52xxORdIGu4Mm8lff3psMIlarenu+7TC4uIfiiW9AyaHZ6iPE/18gIkG1DD9byGDuhjuhnN9hiviBUAmCuZw==",
        "dependencies": {
          "Grpc.Core.Api": "2.83.0"
        }
      },
      "Grpc.Reflection": {
        "type": "Transitive",
        "resolved": "2.83.0",
        "contentHash": "C3Gjz8rAAQAFjMMbKw9dU2hNKOLMXxl81odGkZ/4Ghd2xZWWIvs9ZkNGakHG/ROfYjL0ZWVWELF2Stiwtx9IxQ==",
        "dependencies": {
          "Google.Protobuf": "3.31.1",
          "Grpc.Core.Api": "2.83.0"
        }
      },
      "Grpc.Tools": {
        "type": "Transitive",
        "resolved": "2.83.0",
        "contentHash": "vK2Go/83W0v2Nn7tTP9fGrX4IjmOa93s3M0SZeFimU1vIIr2wL9yNJlIyK21y85SGm3++JncB8IF751cjoLHuQ=="
      },
      "libsodium": {
        "type": "Transitive",
        "resolved": "1.0.22",
        "contentHash": "KPD9SloJFclrsjnhABu7dzWrcyYkwPbvx5l1gRSPAX/0n+OBtSiVCKtGFv4n+ecWUHU0tCG9LSSwoZZx673zBQ=="
      },
      "Microsoft.Bcl.Cryptography": {
        "type": "Transitive",
        "resolved": "10.0.2",
        "contentHash": "LG9Yll3B5aNpxv0+D47g6LiOiKBIlodhcHdQwcYzo8VeexFLGqx5ymetmA2aBRyo9cCcWsQWrFsdbsr8LvmWDw=="
      },
      "Microsoft.IdentityModel.Abstractions": {
        "type": "Transitive",
        "resolved": "8.19.2",
        "contentHash": "HJbo/lnSfNHUfphPRT910poQc4T2/9+8svFLvzuaYHGAOJ2Tu+oEDqpX0BVP3BJ4OuUM1kylEKyaiX2fCAK3Cw=="
      },
      "Microsoft.IdentityModel.JsonWebTokens": {
        "type": "Transitive",
        "resolved": "8.19.2",
        "contentHash": "ui3fuBT4fs8kdKfBthI4NzLYIBIneEVS8UrL1JVBzAn80UiKmngBBi0BEByE7n/9c+EElcfFlCMFFTqpkBSLNA==",
        "dependencies": {
          "Microsoft.IdentityModel.Tokens": "8.19.2"
        }
      },
      "Microsoft.IdentityModel.Logging": {
        "type": "Transitive",
        "resolved": "8.19.2",
        "contentHash": "r5YLDIxGOnkVJHrqXv/iD1FM1CgGrQOdriXuvuWvTPmKbnGANhEysq9XKmN6IHjf2a+9bAGEpnoRBsAQlvJU5w==",
        "dependencies": {
          "Microsoft.IdentityModel.Abstractions": "8.19.2"
        }
      },
      "Microsoft.IdentityModel.Protocols": {
        "type": "Transitive",
        "resolved": "8.19.2",
        "contentHash": "sGxSsSrZXNmca6D+jHH2rVRyo2nNRd/g4H9CFbPmLLq0xgoH1U0orLWE5minfijw7+zq49tBs7txenbfAErRoQ==",
        "dependencies": {
          "Microsoft.IdentityModel.Tokens": "8.19.2"
        }
      },
      "Microsoft.IdentityModel.Protocols.OpenIdConnect": {
        "type": "Transitive",
        "resolved": "8.19.2",
        "contentHash": "1XOcyY36cVymzE3qKdzKaUEZ4Pzt7ZpSa14JZoPPK1NLFUkQDs85TCqpV6XDo0YjFXj6nVK00AfOHppjghjhtw==",
        "dependencies": {
          "Microsoft.IdentityModel.Protocols": "8.19.2",
          "System.IdentityModel.Tokens.Jwt": "8.19.2"
        }
      },
      "Microsoft.IdentityModel.Tokens": {
        "type": "Transitive",
        "resolved": "8.19.2",
        "contentHash": "GtPC1S02uH1gOO4fQ+zRysIicKmEXaYFP8PIkdJYXqMyruYhopre4ozVHp0XiDSA0+GJvOZH9prxCPvgBMg4Ww==",
        "dependencies": {
          "Microsoft.Bcl.Cryptography": "10.0.2",
          "Microsoft.IdentityModel.Logging": "8.19.2"
        }
      },
      "System.IdentityModel.Tokens.Jwt": {
        "type": "Transitive",
        "resolved": "8.19.2",
        "contentHash": "gqhDC/icByKEutygpr+OFgAmjwTVowyzFjWB8K0q1ww8uFj5a1BQNL+QvijUl9uhq4p8OdDwcAIrjVC+eC9FVA==",
        "dependencies": {
          "Microsoft.IdentityModel.JsonWebTokens": "8.19.2",
          "Microsoft.IdentityModel.Tokens": "8.19.2"
        }
      },
      "vfps.voprf": {
        "type": "Project",
        "dependencies": {
          "libsodium": "[1.0.22, )"
        }
      },
      "vfps.voprf.contracts": {
        "type": "Project",
        "dependencies": {
          "Google.Protobuf": "[3.36.2, )",
          "Grpc.Core.Api": "[2.83.0, )"
        }
      }
    },
    "net10.0/linux-x64": {
      "libsodium": {
        "type": "Transitive",
        "resolved": "1.0.22",
        "contentHash": "KPD9SloJFclrsjnhABu7dzWrcyYkwPbvx5l1gRSPAX/0n+OBtSiVCKtGFv4n+ecWUHU0tCG9LSSwoZZx673zBQ=="
      }
    }
  }
}