{
  "version": 1,
  "dependencies": {
    "net10.0": {
      "libsodium": {
        "type": "Direct",
        "requested": "[1.0.22, )",
        "resolved": "1.0.22",
        "contentHash": "KPD9SloJFclrsjnhABu7dzWrcyYkwPbvx5l1gRSPAX/0n+OBtSiVCKtGFv4n+ecWUHU0tCG9LSSwoZZx673zBQ=="
      }
    },
    "net10.0/linux-x64": {
      "libsodium": {
        "type": "Direct",
        "requested": "[1.0.22, )",
        "resolved": "1.0.22",
        "contentHash": "KPD9SloJFclrsjnhABu7dzWrcyYkwPbvx5l1gRSPAX/0n+OBtSiVCKtGFv4n+ecWUHU0tCG9LSSwoZZx673zBQ=="
      }
    }
  }
}