dependencies:
- name: postgres
  repository: oci://registry-1.docker.io/cloudpirates
  version: 0.20.4
- name: common
  repository: oci://ghcr.io/miracum/charts
  version: 0.1.1
digest: sha256:7b404531f4e59dbcab54d2b311376bdf5eca560565ee35d9efed0ef9c32b6957
generated: "2026-09-20T14:28:22.821669197Z"
